// !$*UTF8*$!
{
	archiveVersion = 1;
	classes = {
	};
	objectVersion = 50;
	objects = {

/* Begin PBXBuildFile section */
		427DBFD6CEB472C5DFFD612E /* Pods_restaurant.framework in Frameworks */ = {isa = PBXBuildFile; fileRef = 343CE87D7B6726D122F057C1 /* Pods_restaurant.framework */; };
		6E69CFA92157857C00A06020 /* SettingTableViewCell.swift in Sources */ = {isa = PBXBuildFile; fileRef = 6E69CFA72157857C00A06020 /* SettingTableViewCell.swift */; };
		6E69CFAA2157857C00A06020 /* SettingTableViewCell.xib in Resources */ = {isa = PBXBuildFile; fileRef = 6E69CFA82157857C00A06020 /* SettingTableViewCell.xib */; };
		6E69CFB12157907900A06020 /* SubSettingTableViewCell.swift in Sources */ = {isa = PBXBuildFile; fileRef = 6E69CFAF2157907900A06020 /* SubSettingTableViewCell.swift */; };
		6E69CFB22157907900A06020 /* SubSettingTableViewCell.xib in Resources */ = {isa = PBXBuildFile; fileRef = 6E69CFB02157907900A06020 /* SubSettingTableViewCell.xib */; };
		6E69CFB52157974300A06020 /* CyuSenListViewController.swift in Sources */ = {isa = PBXBuildFile; fileRef = 6E69CFB32157974300A06020 /* CyuSenListViewController.swift */; };
		6E69CFB62157974300A06020 /* CyuSenListViewController.xib in Resources */ = {isa = PBXBuildFile; fileRef = 6E69CFB42157974300A06020 /* CyuSenListViewController.xib */; };
		6E69CFB9215797AE00A06020 /* FeedBackViewController.swift in Sources */ = {isa = PBXBuildFile; fileRef = 6E69CFB7215797AE00A06020 /* FeedBackViewController.swift */; };
		6E69CFBA215797AE00A06020 /* FeedBackViewController.xib in Resources */ = {isa = PBXBuildFile; fileRef = 6E69CFB8215797AE00A06020 /* FeedBackViewController.xib */; };
		6E69CFBD215797C200A06020 /* LegalViewController.swift in Sources */ = {isa = PBXBuildFile; fileRef = 6E69CFBB215797C200A06020 /* LegalViewController.swift */; };
		6E69CFBE215797C200A06020 /* LegalViewController.xib in Resources */ = {isa = PBXBuildFile; fileRef = 6E69CFBC215797C200A06020 /* LegalViewController.xib */; };
		6E9E969F215F538F0029FDBD /* UserViewController.swift in Sources */ = {isa = PBXBuildFile; fileRef = 6E9E969D215F538F0029FDBD /* UserViewController.swift */; };
		6E9E96A0215F538F0029FDBD /* UserViewController.xib in Resources */ = {isa = PBXBuildFile; fileRef = 6E9E969E215F538F0029FDBD /* UserViewController.xib */; };
		6E9E96AF215F975E0029FDBD /* VersionViewController.swift in Sources */ = {isa = PBXBuildFile; fileRef = 6E9E96AD215F975E0029FDBD /* VersionViewController.swift */; };
		6E9E96B0215F975E0029FDBD /* VersionViewController.xib in Resources */ = {isa = PBXBuildFile; fileRef = 6E9E96AE215F975E0029FDBD /* VersionViewController.xib */; };
		D01BA5BD21574B4200E6ADE9 /* SpotAnnotation.swift in Sources */ = {isa = PBXBuildFile; fileRef = D01BA5BC21574B4200E6ADE9 /* SpotAnnotation.swift */; };
		D01BA5C221574E2300E6ADE9 /* UtilClass.swift in Sources */ = {isa = PBXBuildFile; fileRef = D01BA5C121574E2300E6ADE9 /* UtilClass.swift */; };
		D01BA5C421575E4B00E6ADE9 /* SpotView.xib in Resources */ = {isa = PBXBuildFile; fileRef = D01BA5C321575E4B00E6ADE9 /* SpotView.xib */; };
		D01BA5C621575E5F00E6ADE9 /* SpotVIew.swift in Sources */ = {isa = PBXBuildFile; fileRef = D01BA5C521575E5F00E6ADE9 /* SpotVIew.swift */; };
		D01BA5CC21575EE600E6ADE9 /* Restaurant.swift in Sources */ = {isa = PBXBuildFile; fileRef = D01BA5CB21575EE600E6ADE9 /* Restaurant.swift */; };
		D01BA5CE21575F4500E6ADE9 /* DefaultData.swift in Sources */ = {isa = PBXBuildFile; fileRef = D01BA5CD21575F4500E6ADE9 /* DefaultData.swift */; };
		D01BA5D02157607600E6ADE9 /* MapKit.framework in Frameworks */ = {isa = PBXBuildFile; fileRef = D01BA5CF2157607600E6ADE9 /* MapKit.framework */; };
		D01BA5D42157634200E6ADE9 /* CommonService.swift in Sources */ = {isa = PBXBuildFile; fileRef = D01BA5D32157634200E6ADE9 /* CommonService.swift */; };
		D01BA5D62157636F00E6ADE9 /* ServiceManager.swift in Sources */ = {isa = PBXBuildFile; fileRef = D01BA5D52157636F00E6ADE9 /* ServiceManager.swift */; };
		D01BA5D8215763AD00E6ADE9 /* Coupon.swift in Sources */ = {isa = PBXBuildFile; fileRef = D01BA5D7215763AD00E6ADE9 /* Coupon.swift */; };
		D01BA5DA215765F500E6ADE9 /* ExtensionKit.swift in Sources */ = {isa = PBXBuildFile; fileRef = D01BA5D9215765F500E6ADE9 /* ExtensionKit.swift */; };
		D01BA5DD215768FD00E6ADE9 /* BearCollectionViewCell.swift in Sources */ = {isa = PBXBuildFile; fileRef = D01BA5DB215768FD00E6ADE9 /* BearCollectionViewCell.swift */; };
		D01BA5DE215768FD00E6ADE9 /* BearCollectionViewCell.xib in Resources */ = {isa = PBXBuildFile; fileRef = D01BA5DC215768FD00E6ADE9 /* BearCollectionViewCell.xib */; };
		D01BA5E42157699F00E6ADE9 /* BearReleaseView.swift in Sources */ = {isa = PBXBuildFile; fileRef = D01BA5E32157699F00E6ADE9 /* BearReleaseView.swift */; };
		D01BA5E6215769C100E6ADE9 /* BearReleaseView.xib in Resources */ = {isa = PBXBuildFile; fileRef = D01BA5E5215769C100E6ADE9 /* BearReleaseView.xib */; };
		D06CD59421572F9100D0C982 /* AppDelegate.swift in Sources */ = {isa = PBXBuildFile; fileRef = D06CD59321572F9100D0C982 /* AppDelegate.swift */; };
		D06CD59621572F9100D0C982 /* ViewController.swift in Sources */ = {isa = PBXBuildFile; fileRef = D06CD59521572F9100D0C982 /* ViewController.swift */; };
		D06CD59921572F9100D0C982 /* Main.storyboard in Resources */ = {isa = PBXBuildFile; fileRef = D06CD59721572F9100D0C982 /* Main.storyboard */; };
		D06CD59C21572F9100D0C982 /* restaurant.xcdatamodeld in Sources */ = {isa = PBXBuildFile; fileRef = D06CD59A21572F9100D0C982 /* restaurant.xcdatamodeld */; };
		D06CD59E21572F9200D0C982 /* Assets.xcassets in Resources */ = {isa = PBXBuildFile; fileRef = D06CD59D21572F9200D0C982 /* Assets.xcassets */; };
		D06CD5A121572F9200D0C982 /* LaunchScreen.storyboard in Resources */ = {isa = PBXBuildFile; fileRef = D06CD59F21572F9200D0C982 /* LaunchScreen.storyboard */; };
		D085D01A2157449A00936233 /* TabBarController.swift in Sources */ = {isa = PBXBuildFile; fileRef = D085D0192157449A00936233 /* TabBarController.swift */; };
		D085D029215746D000936233 /* HomeViewController.swift in Sources */ = {isa = PBXBuildFile; fileRef = D085D027215746D000936233 /* HomeViewController.swift */; };
		D085D02A215746D000936233 /* HomeViewController.xib in Resources */ = {isa = PBXBuildFile; fileRef = D085D028215746D000936233 /* HomeViewController.xib */; };
		D085D02D215746EE00936233 /* MapViewController.swift in Sources */ = {isa = PBXBuildFile; fileRef = D085D02B215746EE00936233 /* MapViewController.swift */; };
		D085D02E215746EE00936233 /* MapViewController.xib in Resources */ = {isa = PBXBuildFile; fileRef = D085D02C215746EE00936233 /* MapViewController.xib */; };
		D085D0312157470000936233 /* CouponViewController.swift in Sources */ = {isa = PBXBuildFile; fileRef = D085D02F2157470000936233 /* CouponViewController.swift */; };
		D085D0322157470000936233 /* CouponViewController.xib in Resources */ = {isa = PBXBuildFile; fileRef = D085D0302157470000936233 /* CouponViewController.xib */; };
		D085D0352157471300936233 /* SettingViewController.swift in Sources */ = {isa = PBXBuildFile; fileRef = D085D0332157471300936233 /* SettingViewController.swift */; };
		D085D0362157471300936233 /* SettingViewController.xib in Resources */ = {isa = PBXBuildFile; fileRef = D085D0342157471300936233 /* SettingViewController.xib */; };
/* End PBXBuildFile section */

/* Begin PBXFileReference section */
		268C020143075963CC51C406 /* Pods-restaurant.debug.xcconfig */ = {isa = PBXFileReference; includeInIndex = 1; lastKnownFileType = text.xcconfig; name = "Pods-restaurant.debug.xcconfig"; path = "Pods/Target Support Files/Pods-restaurant/Pods-restaurant.debug.xcconfig"; sourceTree = "<group>"; };
		343CE87D7B6726D122F057C1 /* Pods_restaurant.framework */ = {isa = PBXFileReference; explicitFileType = wrapper.framework; includeInIndex = 0; path = Pods_restaurant.framework; sourceTree = BUILT_PRODUCTS_DIR; };
		6E69CFA72157857C00A06020 /* SettingTableViewCell.swift */ = {isa = PBXFileReference; lastKnownFileType = sourcecode.swift; path = SettingTableViewCell.swift; sourceTree = "<group>"; };
		6E69CFA82157857C00A06020 /* SettingTableViewCell.xib */ = {isa = PBXFileReference; lastKnownFileType = file.xib; path = SettingTableViewCell.xib; sourceTree = "<group>"; };
		6E69CFAF2157907900A06020 /* SubSettingTableViewCell.swift */ = {isa = PBXFileReference; lastKnownFileType = sourcecode.swift; path = SubSettingTableViewCell.swift; sourceTree = "<group>"; };
		6E69CFB02157907900A06020 /* SubSettingTableViewCell.xib */ = {isa = PBXFileReference; lastKnownFileType = file.xib; path = SubSettingTableViewCell.xib; sourceTree = "<group>"; };
		6E69CFB32157974300A06020 /* CyuSenListViewController.swift */ = {isa = PBXFileReference; lastKnownFileType = sourcecode.swift; name = CyuSenListViewController.swift; path = restaurant/CodeClass/Setting/View/CyuSenListViewController.swift; sourceTree = SOURCE_ROOT; };
		6E69CFB42157974300A06020 /* CyuSenListViewController.xib */ = {isa = PBXFileReference; lastKnownFileType = file.xib; name = CyuSenListViewController.xib; path = restaurant/CodeClass/Setting/View/CyuSenListViewController.xib; sourceTree = SOURCE_ROOT; };
		6E69CFB7215797AE00A06020 /* FeedBackViewController.swift */ = {isa = PBXFileReference; lastKnownFileType = sourcecode.swift; name = FeedBackViewController.swift; path = restaurant/CodeClass/Setting/View/FeedBackViewController.swift; sourceTree = SOURCE_ROOT; };
		6E69CFB8215797AE00A06020 /* FeedBackViewController.xib */ = {isa = PBXFileReference; lastKnownFileType = file.xib; name = FeedBackViewController.xib; path = restaurant/CodeClass/Setting/View/FeedBackViewController.xib; sourceTree = SOURCE_ROOT; };
		6E69CFBB215797C200A06020 /* LegalViewController.swift */ = {isa = PBXFileReference; lastKnownFileType = sourcecode.swift; name = LegalViewController.swift; path = restaurant/CodeClass/Setting/View/LegalViewController.swift; sourceTree = SOURCE_ROOT; };
		6E69CFBC215797C200A06020 /* LegalViewController.xib */ = {isa = PBXFileReference; lastKnownFileType = file.xib; name = LegalViewController.xib; path = restaurant/CodeClass/Setting/View/LegalViewController.xib; sourceTree = SOURCE_ROOT; };
		6E9E969D215F538F0029FDBD /* UserViewController.swift */ = {isa = PBXFileReference; lastKnownFileType = sourcecode.swift; path = UserViewController.swift; sourceTree = "<group>"; };
		6E9E969E215F538F0029FDBD /* UserViewController.xib */ = {isa = PBXFileReference; lastKnownFileType = file.xib; path = UserViewController.xib; sourceTree = "<group>"; };
		6E9E96AD215F975E0029FDBD /* VersionViewController.swift */ = {isa = PBXFileReference; lastKnownFileType = sourcecode.swift; path = VersionViewController.swift; sourceTree = "<group>"; };
		6E9E96AE215F975E0029FDBD /* VersionViewController.xib */ = {isa = PBXFileReference; lastKnownFileType = file.xib; path = VersionViewController.xib; sourceTree = "<group>"; };
		D01BA5BC21574B4200E6ADE9 /* SpotAnnotation.swift */ = {isa = PBXFileReference; lastKnownFileType = sourcecode.swift; path = SpotAnnotation.swift; sourceTree = "<group>"; };
		D01BA5C121574E2300E6ADE9 /* UtilClass.swift */ = {isa = PBXFileReference; lastKnownFileType = sourcecode.swift; path = UtilClass.swift; sourceTree = "<group>"; };
		D01BA5C321575E4B00E6ADE9 /* SpotView.xib */ = {isa = PBXFileReference; lastKnownFileType = file.xib; path = SpotView.xib; sourceTree = "<group>"; };
		D01BA5C521575E5F00E6ADE9 /* SpotVIew.swift */ = {isa = PBXFileReference; lastKnownFileType = sourcecode.swift; path = SpotVIew.swift; sourceTree = "<group>"; };
		D01BA5CB21575EE600E6ADE9 /* Restaurant.swift */ = {isa = PBXFileReference; lastKnownFileType = sourcecode.swift; path = Restaurant.swift; sourceTree = "<group>"; };
		D01BA5CD21575F4500E6ADE9 /* DefaultData.swift */ = {isa = PBXFileReference; lastKnownFileType = sourcecode.swift; path = DefaultData.swift; sourceTree = "<group>"; };
		D01BA5CF2157607600E6ADE9 /* MapKit.framework */ = {isa = PBXFileReference; lastKnownFileType = wrapper.framework; name = MapKit.framework; path = System/Library/Frameworks/MapKit.framework; sourceTree = SDKROOT; };
		D01BA5D32157634200E6ADE9 /* CommonService.swift */ = {isa = PBXFileReference; lastKnownFileType = sourcecode.swift; path = CommonService.swift; sourceTree = "<group>"; };
		D01BA5D52157636F00E6ADE9 /* ServiceManager.swift */ = {isa = PBXFileReference; lastKnownFileType = sourcecode.swift; path = ServiceManager.swift; sourceTree = "<group>"; };
		D01BA5D7215763AD00E6ADE9 /* Coupon.swift */ = {isa = PBXFileReference; lastKnownFileType = sourcecode.swift; path = Coupon.swift; sourceTree = "<group>"; };
		D01BA5D9215765F500E6ADE9 /* ExtensionKit.swift */ = {isa = PBXFileReference; lastKnownFileType = sourcecode.swift; path = ExtensionKit.swift; sourceTree = "<group>"; };
		D01BA5DB215768FD00E6ADE9 /* BearCollectionViewCell.swift */ = {isa = PBXFileReference; lastKnownFileType = sourcecode.swift; path = BearCollectionViewCell.swift; sourceTree = "<group>"; };
		D01BA5DC215768FD00E6ADE9 /* BearCollectionViewCell.xib */ = {isa = PBXFileReference; lastKnownFileType = file.xib; path = BearCollectionViewCell.xib; sourceTree = "<group>"; };
		D01BA5E32157699F00E6ADE9 /* BearReleaseView.swift */ = {isa = PBXFileReference; lastKnownFileType = sourcecode.swift; path = BearReleaseView.swift; sourceTree = "<group>"; };
		D01BA5E5215769C100E6ADE9 /* BearReleaseView.xib */ = {isa = PBXFileReference; lastKnownFileType = file.xib; path = BearReleaseView.xib; sourceTree = "<group>"; };
		D06CD59021572F9100D0C982 /* restaurant.app */ = {isa = PBXFileReference; explicitFileType = wrapper.application; includeInIndex = 0; path = restaurant.app; sourceTree = BUILT_PRODUCTS_DIR; };
		D06CD59321572F9100D0C982 /* AppDelegate.swift */ = {isa = PBXFileReference; lastKnownFileType = sourcecode.swift; path = AppDelegate.swift; sourceTree = "<group>"; };
		D06CD59521572F9100D0C982 /* ViewController.swift */ = {isa = PBXFileReference; lastKnownFileType = sourcecode.swift; path = ViewController.swift; sourceTree = "<group>"; };
		D06CD59821572F9100D0C982 /* Base */ = {isa = PBXFileReference; lastKnownFileType = file.storyboard; name = Base; path = Base.lproj/Main.storyboard; sourceTree = "<group>"; };
		D06CD59B21572F9100D0C982 /* restaurant.xcdatamodel */ = {isa = PBXFileReference; lastKnownFileType = wrapper.xcdatamodel; path = restaurant.xcdatamodel; sourceTree = "<group>"; };
		D06CD59D21572F9200D0C982 /* Assets.xcassets */ = {isa = PBXFileReference; lastKnownFileType = folder.assetcatalog; path = Assets.xcassets; sourceTree = "<group>"; };
		D06CD5A021572F9200D0C982 /* Base */ = {isa = PBXFileReference; lastKnownFileType = file.storyboard; name = Base; path = Base.lproj/LaunchScreen.storyboard; sourceTree = "<group>"; };
		D06CD5A221572F9200D0C982 /* Info.plist */ = {isa = PBXFileReference; lastKnownFileType = text.plist.xml; path = Info.plist; sourceTree = "<group>"; };
		D085D0192157449A00936233 /* TabBarController.swift */ = {isa = PBXFileReference; lastKnownFileType = sourcecode.swift; path = TabBarController.swift; sourceTree = "<group>"; };
		D085D027215746D000936233 /* HomeViewController.swift */ = {isa = PBXFileReference; lastKnownFileType = sourcecode.swift; path = HomeViewController.swift; sourceTree = "<group>"; };
		D085D028215746D000936233 /* HomeViewController.xib */ = {isa = PBXFileReference; lastKnownFileType = file.xib; path = HomeViewController.xib; sourceTree = "<group>"; };
		D085D02B215746EE00936233 /* MapViewController.swift */ = {isa = PBXFileReference; lastKnownFileType = sourcecode.swift; path = MapViewController.swift; sourceTree = "<group>"; };
		D085D02C215746EE00936233 /* MapViewController.xib */ = {isa = PBXFileReference; lastKnownFileType = file.xib; path = MapViewController.xib; sourceTree = "<group>"; };
		D085D02F2157470000936233 /* CouponViewController.swift */ = {isa = PBXFileReference; lastKnownFileType = sourcecode.swift; path = CouponViewController.swift; sourceTree = "<group>"; };
		D085D0302157470000936233 /* CouponViewController.xib */ = {isa = PBXFileReference; lastKnownFileType = file.xib; path = CouponViewController.xib; sourceTree = "<group>"; };
		D085D0332157471300936233 /* SettingViewController.swift */ = {isa = PBXFileReference; lastKnownFileType = sourcecode.swift; path = SettingViewController.swift; sourceTree = "<group>"; };
		D085D0342157471300936233 /* SettingViewController.xib */ = {isa = PBXFileReference; lastKnownFileType = file.xib; path = SettingViewController.xib; sourceTree = "<group>"; };
		F1AC3716CB83D9E425280DC2 /* Pods-restaurant.release.xcconfig */ = {isa = PBXFileReference; includeInIndex = 1; lastKnownFileType = text.xcconfig; name = "Pods-restaurant.release.xcconfig"; path = "Pods/Target Support Files/Pods-restaurant/Pods-restaurant.release.xcconfig"; sourceTree = "<group>"; };
/* End PBXFileReference section */

/* Begin PBXFrameworksBuildPhase section */
		D06CD58D21572F9100D0C982 /* Frameworks */ = {
			isa = PBXFrameworksBuildPhase;
			buildActionMask = 2147483647;
			files = (
				D01BA5D02157607600E6ADE9 /* MapKit.framework in Frameworks */,
				427DBFD6CEB472C5DFFD612E /* Pods_restaurant.framework in Frameworks */,
			);
			runOnlyForDeploymentPostprocessing = 0;
		};
/* End PBXFrameworksBuildPhase section */

/* Begin PBXGroup section */
		1CD5502DA5B00E86E94EDE00 /* Frameworks */ = {
			isa = PBXGroup;
			children = (
				D01BA5CF2157607600E6ADE9 /* MapKit.framework */,
				343CE87D7B6726D122F057C1 /* Pods_restaurant.framework */,
			);
			name = Frameworks;
			sourceTree = "<group>";
		};
		819D4BC6683FBEBEF2F35B2C /* Pods */ = {
			isa = PBXGroup;
			children = (
				268C020143075963CC51C406 /* Pods-restaurant.debug.xcconfig */,
				F1AC3716CB83D9E425280DC2 /* Pods-restaurant.release.xcconfig */,
			);
			name = Pods;
			sourceTree = "<group>";
		};
		D01BA5C021574DF000E6ADE9 /* Util */ = {
			isa = PBXGroup;
			children = (
				D01BA5C121574E2300E6ADE9 /* UtilClass.swift */,
				D01BA5CD21575F4500E6ADE9 /* DefaultData.swift */,
				D01BA5D9215765F500E6ADE9 /* ExtensionKit.swift */,
			);
			path = Util;
			sourceTree = "<group>";
		};
		D01BA5C721575EB000E6ADE9 /* Mode */ = {
			isa = PBXGroup;
			children = (
				D01BA5CB21575EE600E6ADE9 /* Restaurant.swift */,
				D01BA5D7215763AD00E6ADE9 /* Coupon.swift */,
			);
			path = Mode;
			sourceTree = "<group>";
		};
		D01BA5D12157630600E6ADE9 /* Service */ = {
			isa = PBXGroup;
			children = (
				D01BA5D32157634200E6ADE9 /* CommonService.swift */,
			);
			path = Service;
			sourceTree = "<group>";
		};
		D01BA5D22157631500E6ADE9 /* Manager */ = {
			isa = PBXGroup;
			children = (
				D01BA5D52157636F00E6ADE9 /* ServiceManager.swift */,
			);
			path = Manager;
			sourceTree = "<group>";
		};
		D06CD58721572F9100D0C982 = {
			isa = PBXGroup;
			children = (
				D06CD59321572F9100D0C982 /* AppDelegate.swift */,
				D06CD59221572F9100D0C982 /* restaurant */,
				D06CD59121572F9100D0C982 /* Products */,
				819D4BC6683FBEBEF2F35B2C /* Pods */,
				1CD5502DA5B00E86E94EDE00 /* Frameworks */,
			);
			sourceTree = "<group>";
		};
		D06CD59121572F9100D0C982 /* Products */ = {
			isa = PBXGroup;
			children = (
				D06CD59021572F9100D0C982 /* restaurant.app */,
			);
			name = Products;
			sourceTree = "<group>";
		};
		D06CD59221572F9100D0C982 /* restaurant */ = {
			isa = PBXGroup;
			children = (
				D085D0142157436800936233 /* CodeClass */,
				D01BA5C721575EB000E6ADE9 /* Mode */,
				D01BA5D12157630600E6ADE9 /* Service */,
				D01BA5D22157631500E6ADE9 /* Manager */,
				D01BA5C021574DF000E6ADE9 /* Util */,
				D06CD59521572F9100D0C982 /* ViewController.swift */,
				D06CD59721572F9100D0C982 /* Main.storyboard */,
				D06CD59D21572F9200D0C982 /* Assets.xcassets */,
				D06CD59F21572F9200D0C982 /* LaunchScreen.storyboard */,
				D06CD5A221572F9200D0C982 /* Info.plist */,
				D06CD59A21572F9100D0C982 /* restaurant.xcdatamodeld */,
			);
			path = restaurant;
			sourceTree = "<group>";
		};
		D085D0142157436800936233 /* CodeClass */ = {
			isa = PBXGroup;
			children = (
				D085D0152157437B00936233 /* Base */,
				D085D01B215745D000936233 /* Home */,
				D085D01C215745DF00936233 /* Map */,
				D085D01D215745ED00936233 /* Coupon */,
				D085D01E215745F700936233 /* Setting */,
			);
			path = CodeClass;
			sourceTree = "<group>";
		};
		D085D0152157437B00936233 /* Base */ = {
			isa = PBXGroup;
			children = (
				D085D016215743A700936233 /* Controller */,
			);
			path = Base;
			sourceTree = "<group>";
		};
		D085D016215743A700936233 /* Controller */ = {
			isa = PBXGroup;
			children = (
				D085D0192157449A00936233 /* TabBarController.swift */,
			);
			path = Controller;
			sourceTree = "<group>";
		};
		D085D01B215745D000936233 /* Home */ = {
			isa = PBXGroup;
			children = (
				D085D01F2157464100936233 /* Controller */,
				D085D0202157464D00936233 /* View */,
			);
			path = Home;
			sourceTree = "<group>";
		};
		D085D01C215745DF00936233 /* Map */ = {
			isa = PBXGroup;
			children = (
				D085D0212157467900936233 /* Controller */,
				D085D0222157468000936233 /* View */,
			);
			path = Map;
			sourceTree = "<group>";
		};
		D085D01D215745ED00936233 /* Coupon */ = {
			isa = PBXGroup;
			children = (
				D085D0232157468900936233 /* Controller */,
				D085D0242157469400936233 /* View */,
			);
			path = Coupon;
			sourceTree = "<group>";
		};
		D085D01E215745F700936233 /* Setting */ = {
			isa = PBXGroup;
			children = (
				D085D0252157469B00936233 /* Controller */,
				D085D026215746A300936233 /* View */,
			);
			path = Setting;
			sourceTree = "<group>";
		};
		D085D01F2157464100936233 /* Controller */ = {
			isa = PBXGroup;
			children = (
				D085D027215746D000936233 /* HomeViewController.swift */,
				D085D028215746D000936233 /* HomeViewController.xib */,
			);
			path = Controller;
			sourceTree = "<group>";
		};
		D085D0202157464D00936233 /* View */ = {
			isa = PBXGroup;
			children = (
			);
			path = View;
			sourceTree = "<group>";
		};
		D085D0212157467900936233 /* Controller */ = {
			isa = PBXGroup;
			children = (
				D085D02B215746EE00936233 /* MapViewController.swift */,
				D085D02C215746EE00936233 /* MapViewController.xib */,
			);
			path = Controller;
			sourceTree = "<group>";
		};
		D085D0222157468000936233 /* View */ = {
			isa = PBXGroup;
			children = (
				D01BA5BC21574B4200E6ADE9 /* SpotAnnotation.swift */,
				D01BA5C321575E4B00E6ADE9 /* SpotView.xib */,
				D01BA5C521575E5F00E6ADE9 /* SpotVIew.swift */,
			);
			path = View;
			sourceTree = "<group>";
		};
		D085D0232157468900936233 /* Controller */ = {
			isa = PBXGroup;
			children = (
				D085D02F2157470000936233 /* CouponViewController.swift */,
				D085D0302157470000936233 /* CouponViewController.xib */,
			);
			path = Controller;
			sourceTree = "<group>";
		};
		D085D0242157469400936233 /* View */ = {
			isa = PBXGroup;
			children = (
				D01BA5DB215768FD00E6ADE9 /* BearCollectionViewCell.swift */,
				D01BA5DC215768FD00E6ADE9 /* BearCollectionViewCell.xib */,
				D01BA5E32157699F00E6ADE9 /* BearReleaseView.swift */,
				D01BA5E5215769C100E6ADE9 /* BearReleaseView.xib */,
			);
			path = View;
			sourceTree = "<group>";
		};
		D085D0252157469B00936233 /* Controller */ = {
			isa = PBXGroup;
			children = (
				D085D0332157471300936233 /* SettingViewController.swift */,
				D085D0342157471300936233 /* SettingViewController.xib */,
				6E69CFA72157857C00A06020 /* SettingTableViewCell.swift */,
				6E69CFA82157857C00A06020 /* SettingTableViewCell.xib */,
				6E69CFAF2157907900A06020 /* SubSettingTableViewCell.swift */,
				6E69CFB02157907900A06020 /* SubSettingTableViewCell.xib */,
			);
			path = Controller;
			sourceTree = "<group>";
		};
		D085D026215746A300936233 /* View */ = {
			isa = PBXGroup;
			children = (
				6E69CFB32157974300A06020 /* CyuSenListViewController.swift */,
				6E69CFB42157974300A06020 /* CyuSenListViewController.xib */,
				6E69CFB7215797AE00A06020 /* FeedBackViewController.swift */,
				6E69CFB8215797AE00A06020 /* FeedBackViewController.xib */,
				6E69CFBB215797C200A06020 /* LegalViewController.swift */,
				6E69CFBC215797C200A06020 /* LegalViewController.xib */,
				6E9E969D215F538F0029FDBD /* UserViewController.swift */,
				6E9E969E215F538F0029FDBD /* UserViewController.xib */,
				6E9E96AD215F975E0029FDBD /* VersionViewController.swift */,
				6E9E96AE215F975E0029FDBD /* VersionViewController.xib */,
			);
			path = View;
			sourceTree = "<group>";
		};
/* End PBXGroup section */

/* Begin PBXNativeTarget section */
		D06CD58F21572F9100D0C982 /* restaurant */ = {
			isa = PBXNativeTarget;
			buildConfigurationList = D06CD5A521572F9200D0C982 /* Build configuration list for PBXNativeTarget "restaurant" */;
			buildPhases = (
				773BA38A24F71C17E59ED819 /* [CP] Check Pods Manifest.lock */,
				D06CD58C21572F9100D0C982 /* Sources */,
				D06CD58D21572F9100D0C982 /* Frameworks */,
				D06CD58E21572F9100D0C982 /* Resources */,
				AFDC56F12DFCDEBFC257FE10 /* [CP] Embed Pods Frameworks */,
			);
			buildRules = (
			);
			dependencies = (
			);
			name = restaurant;
			productName = restaurant;
			productReference = D06CD59021572F9100D0C982 /* restaurant.app */;
			productType = "com.apple.product-type.application";
		};
/* End PBXNativeTarget section */

/* Begin PBXProject section */
		D06CD58821572F9100D0C982 /* Project object */ = {
			isa = PBXProject;
			attributes = {
				LastSwiftUpdateCheck = 1000;
				LastUpgradeCheck = 1000;
				ORGANIZATIONNAME = "劉鉄男";
				TargetAttributes = {
					D06CD58F21572F9100D0C982 = {
						CreatedOnToolsVersion = 10.0;
						SystemCapabilities = {
							com.apple.Maps.iOS = {
								enabled = 1;
							};
						};
					};
				};
			};
			buildConfigurationList = D06CD58B21572F9100D0C982 /* Build configuration list for PBXProject "restaurant" */;
			compatibilityVersion = "Xcode 9.3";
			developmentRegion = en;
			hasScannedForEncodings = 0;
			knownRegions = (
				en,
				Base,
			);
			mainGroup = D06CD58721572F9100D0C982;
			productRefGroup = D06CD59121572F9100D0C982 /* Products */;
			projectDirPath = "";
			projectRoot = "";
			targets = (
				D06CD58F21572F9100D0C982 /* restaurant */,
			);
		};
/* End PBXProject section */

/* Begin PBXResourcesBuildPhase section */
		D06CD58E21572F9100D0C982 /* Resources */ = {
			isa = PBXResourcesBuildPhase;
			buildActionMask = 2147483647;
			files = (
				D085D0362157471300936233 /* SettingViewController.xib in Resources */,
				D06CD5A121572F9200D0C982 /* LaunchScreen.storyboard in Resources */,
				D06CD59E21572F9200D0C982 /* Assets.xcassets in Resources */,
				6E69CFAA2157857C00A06020 /* SettingTableViewCell.xib in Resources */,
				6E69CFBE215797C200A06020 /* LegalViewController.xib in Resources */,
				D06CD59921572F9100D0C982 /* Main.storyboard in Resources */,
				D01BA5DE215768FD00E6ADE9 /* BearCollectionViewCell.xib in Resources */,
				D01BA5E6215769C100E6ADE9 /* BearReleaseView.xib in Resources */,
				6E69CFB22157907900A06020 /* SubSettingTableViewCell.xib in Resources */,
				D085D02E215746EE00936233 /* MapViewController.xib in Resources */,
				6E69CFBA215797AE00A06020 /* FeedBackViewController.xib in Resources */,
				6E9E96B0215F975E0029FDBD /* VersionViewController.xib in Resources */,
				D085D0322157470000936233 /* CouponViewController.xib in Resources */,
				6E69CFB62157974300A06020 /* CyuSenListViewController.xib in Resources */,
				6E9E96A0215F538F0029FDBD /* UserViewController.xib in Resources */,
				D01BA5C421575E4B00E6ADE9 /* SpotView.xib in Resources */,
				D085D02A215746D000936233 /* HomeViewController.xib in Resources */,
			);
			runOnlyForDeploymentPostprocessing = 0;
		};
/* End PBXResourcesBuildPhase section */

/* Begin PBXShellScriptBuildPhase section */
		773BA38A24F71C17E59ED819 /* [CP] Check Pods Manifest.lock */ = {
			isa = PBXShellScriptBuildPhase;
			buildActionMask = 2147483647;
			files = (
			);
			inputPaths = (
				"${PODS_PODFILE_DIR_PATH}/Podfile.lock",
				"${PODS_ROOT}/Manifest.lock",
			);
			name = "[CP] Check Pods Manifest.lock";
			outputPaths = (
				"$(DERIVED_FILE_DIR)/Pods-restaurant-checkManifestLockResult.txt",
			);
			runOnlyForDeploymentPostprocessing = 0;
			shellPath = /bin/sh;
			shellScript = "diff \"${PODS_PODFILE_DIR_PATH}/Podfile.lock\" \"${PODS_ROOT}/Manifest.lock\" > /dev/null\nif [ $? != 0 ] ; then\n    # print error to STDERR\n    echo \"error: The sandbox is not in sync with the Podfile.lock. Run 'pod install' or update your CocoaPods installation.\" >&2\n    exit 1\nfi\n# This output is used by Xcode 'outputs' to avoid re-running this script phase.\necho \"SUCCESS\" > \"${SCRIPT_OUTPUT_FILE_0}\"\n";
			showEnvVarsInLog = 0;
		};
		AFDC56F12DFCDEBFC257FE10 /* [CP] Embed Pods Frameworks */ = {
			isa = PBXShellScriptBuildPhase;
			buildActionMask = 2147483647;
			files = (
			);
			inputPaths = (
				"${SRCROOT}/Pods/Target Support Files/Pods-restaurant/Pods-restaurant-frameworks.sh",
				"${BUILT_PRODUCTS_DIR}/Alamofire/Alamofire.framework",
				"${BUILT_PRODUCTS_DIR}/Alamofire-SwiftyJSON/Alamofire_SwiftyJSON.framework",
				"${BUILT_PRODUCTS_DIR}/AlamofireImage/AlamofireImage.framework",
				"${BUILT_PRODUCTS_DIR}/MJRefresh/MJRefresh.framework",
				"${BUILT_PRODUCTS_DIR}/Realm/Realm.framework",
				"${BUILT_PRODUCTS_DIR}/RealmSwift/RealmSwift.framework",
				"${BUILT_PRODUCTS_DIR}/SVProgressHUD/SVProgressHUD.framework",
				"${BUILT_PRODUCTS_DIR}/SwiftyJSON/SwiftyJSON.framework",
				"${BUILT_PRODUCTS_DIR}/TimedSilver/TimedSilver.framework",
			);
			name = "[CP] Embed Pods Frameworks";
			outputPaths = (
				"${TARGET_BUILD_DIR}/${FRAMEWORKS_FOLDER_PATH}/Alamofire.framework",
				"${TARGET_BUILD_DIR}/${FRAMEWORKS_FOLDER_PATH}/Alamofire_SwiftyJSON.framework",
				"${TARGET_BUILD_DIR}/${FRAMEWORKS_FOLDER_PATH}/AlamofireImage.framework",
				"${TARGET_BUILD_DIR}/${FRAMEWORKS_FOLDER_PATH}/MJRefresh.framework",
				"${TARGET_BUILD_DIR}/${FRAMEWORKS_FOLDER_PATH}/Realm.framework",
				"${TARGET_BUILD_DIR}/${FRAMEWORKS_FOLDER_PATH}/RealmSwift.framework",
				"${TARGET_BUILD_DIR}/${FRAMEWORKS_FOLDER_PATH}/SVProgressHUD.framework",
				"${TARGET_BUILD_DIR}/${FRAMEWORKS_FOLDER_PATH}/SwiftyJSON.framework",
				"${TARGET_BUILD_DIR}/${FRAMEWORKS_FOLDER_PATH}/TimedSilver.framework",
			);
			runOnlyForDeploymentPostprocessing = 0;
			shellPath = /bin/sh;
			shellScript = "\"${SRCROOT}/Pods/Target Support Files/Pods-restaurant/Pods-restaurant-frameworks.sh\"\n";
			showEnvVarsInLog = 0;
		};
/* End PBXShellScriptBuildPhase section */

/* Begin PBXSourcesBuildPhase section */
		D06CD58C21572F9100D0C982 /* Sources */ = {
			isa = PBXSourcesBuildPhase;
			buildActionMask = 2147483647;
			files = (
				D085D029215746D000936233 /* HomeViewController.swift in Sources */,
				D085D02D215746EE00936233 /* MapViewController.swift in Sources */,
				D01BA5E42157699F00E6ADE9 /* BearReleaseView.swift in Sources */,
				D01BA5BD21574B4200E6ADE9 /* SpotAnnotation.swift in Sources */,
				6E69CFB9215797AE00A06020 /* FeedBackViewController.swift in Sources */,
				6E69CFB12157907900A06020 /* SubSettingTableViewCell.swift in Sources */,
				D06CD59C21572F9100D0C982 /* restaurant.xcdatamodeld in Sources */,
				D085D0352157471300936233 /* SettingViewController.swift in Sources */,
				6E69CFA92157857C00A06020 /* SettingTableViewCell.swift in Sources */,
				D01BA5CE21575F4500E6ADE9 /* DefaultData.swift in Sources */,
				D01BA5DD215768FD00E6ADE9 /* BearCollectionViewCell.swift in Sources */,
				D01BA5D42157634200E6ADE9 /* CommonService.swift in Sources */,
				D01BA5C621575E5F00E6ADE9 /* SpotVIew.swift in Sources */,
				D01BA5DA215765F500E6ADE9 /* ExtensionKit.swift in Sources */,
				6E9E969F215F538F0029FDBD /* UserViewController.swift in Sources */,
				6E9E96AF215F975E0029FDBD /* VersionViewController.swift in Sources */,
				D085D01A2157449A00936233 /* TabBarController.swift in Sources */,
				D01BA5CC21575EE600E6ADE9 /* Restaurant.swift in Sources */,
				6E69CFBD215797C200A06020 /* LegalViewController.swift in Sources */,
				D01BA5C221574E2300E6ADE9 /* UtilClass.swift in Sources */,
				D06CD59621572F9100D0C982 /* ViewController.swift in Sources */,
				6E69CFB52157974300A06020 /* CyuSenListViewController.swift in Sources */,
				D085D0312157470000936233 /* CouponViewController.swift in Sources */,
				D06CD59421572F9100D0C982 /* AppDelegate.swift in Sources */,
				D01BA5D62157636F00E6ADE9 /* ServiceManager.swift in Sources */,
				D01BA5D8215763AD00E6ADE9 /* Coupon.swift in Sources */,
			);
			runOnlyForDeploymentPostprocessing = 0;
		};
/* End PBXSourcesBuildPhase section */

/* Begin PBXVariantGroup section */
		D06CD59721572F9100D0C982 /* Main.storyboard */ = {
			isa = PBXVariantGroup;
			children = (
				D06CD59821572F9100D0C982 /* Base */,
			);
			name = Main.storyboard;
			sourceTree = "<group>";
		};
		D06CD59F21572F9200D0C982 /* LaunchScreen.storyboard */ = {
			isa = PBXVariantGroup;
			children = (
				D06CD5A021572F9200D0C982 /* Base */,
			);
			name = LaunchScreen.storyboard;
			sourceTree = "<group>";
		};
/* End PBXVariantGroup section */

/* Begin XCBuildConfiguration section */
		D06CD5A321572F9200D0C982 /* Debug */ = {
			isa = XCBuildConfiguration;
			buildSettings = {
				ALWAYS_SEARCH_USER_PATHS = NO;
				CLANG_ANALYZER_NONNULL = YES;
				CLANG_ANALYZER_NUMBER_OBJECT_CONVERSION = YES_AGGRESSIVE;
				CLANG_CXX_LANGUAGE_STANDARD = "gnu++14";
				CLANG_CXX_LIBRARY = "libc++";
				CLANG_ENABLE_MODULES = YES;
				CLANG_ENABLE_OBJC_ARC = YES;
				CLANG_ENABLE_OBJC_WEAK = YES;
				CLANG_WARN_BLOCK_CAPTURE_AUTORELEASING = YES;
				CLANG_WARN_BOOL_CONVERSION = YES;
				CLANG_WARN_COMMA = YES;
				CLANG_WARN_CONSTANT_CONVERSION = YES;
				CLANG_WARN_DEPRECATED_OBJC_IMPLEMENTATIONS = YES;
				CLANG_WARN_DIRECT_OBJC_ISA_USAGE = YES_ERROR;
				CLANG_WARN_DOCUMENTATION_COMMENTS = YES;
				CLANG_WARN_EMPTY_BODY = YES;
				CLANG_WARN_ENUM_CONVERSION = YES;
				CLANG_WARN_INFINITE_RECURSION = YES;
				CLANG_WARN_INT_CONVERSION = YES;
				CLANG_WARN_NON_LITERAL_NULL_CONVERSION = YES;
				CLANG_WARN_OBJC_IMPLICIT_RETAIN_SELF = YES;
				CLANG_WARN_OBJC_LITERAL_CONVERSION = YES;
				CLANG_WARN_OBJC_ROOT_CLASS = YES_ERROR;
				CLANG_WARN_RANGE_LOOP_ANALYSIS = YES;
				CLANG_WARN_STRICT_PROTOTYPES = YES;
				CLANG_WARN_SUSPICIOUS_MOVE = YES;
				CLANG_WARN_UNGUARDED_AVAILABILITY = YES_AGGRESSIVE;
				CLANG_WARN_UNREACHABLE_CODE = YES;
				CLANG_WARN__DUPLICATE_METHOD_MATCH = YES;
				CODE_SIGN_IDENTITY = "iPhone Developer";
				COPY_PHASE_STRIP = NO;
				DEBUG_INFORMATION_FORMAT = dwarf;
				ENABLE_STRICT_OBJC_MSGSEND = YES;
				ENABLE_TESTABILITY = YES;
				GCC_C_LANGUAGE_STANDARD = gnu11;
				GCC_DYNAMIC_NO_PIC = NO;
				GCC_NO_COMMON_BLOCKS = YES;
				GCC_OPTIMIZATION_LEVEL = 0;
				GCC_PREPROCESSOR_DEFINITIONS = (
					"DEBUG=1",
					"$(inherited)",
				);
				GCC_WARN_64_TO_32_BIT_CONVERSION = YES;
				GCC_WARN_ABOUT_RETURN_TYPE = YES_ERROR;
				GCC_WARN_UNDECLARED_SELECTOR = YES;
				GCC_WARN_UNINITIALIZED_AUTOS = YES_AGGRESSIVE;
				GCC_WARN_UNUSED_FUNCTION = YES;
				GCC_WARN_UNUSED_VARIABLE = YES;
				IPHONEOS_DEPLOYMENT_TARGET = 12.0;
				MTL_ENABLE_DEBUG_INFO = INCLUDE_SOURCE;
				MTL_FAST_MATH = YES;
				ONLY_ACTIVE_ARCH = YES;
				SDKROOT = iphoneos;
				SWIFT_ACTIVE_COMPILATION_CONDITIONS = DEBUG;
				SWIFT_OPTIMIZATION_LEVEL = "-Onone";
			};
			name = Debug;
		};
		D06CD5A421572F9200D0C982 /* Release */ = {
			isa = XCBuildConfiguration;
			buildSettings = {
				ALWAYS_SEARCH_USER_PATHS = NO;
				CLANG_ANALYZER_NONNULL = YES;
				CLANG_ANALYZER_NUMBER_OBJECT_CONVERSION = YES_AGGRESSIVE;
				CLANG_CXX_LANGUAGE_STANDARD = "gnu++14";
				CLANG_CXX_LIBRARY = "libc++";
				CLANG_ENABLE_MODULES = YES;
				CLANG_ENABLE_OBJC_ARC = YES;
				CLANG_ENABLE_OBJC_WEAK = YES;
				CLANG_WARN_BLOCK_CAPTURE_AUTORELEASING = YES;
				CLANG_WARN_BOOL_CONVERSION = YES;
				CLANG_WARN_COMMA = YES;
				CLANG_WARN_CONSTANT_CONVERSION = YES;
				CLANG_WARN_DEPRECATED_OBJC_IMPLEMENTATIONS = YES;
				CLANG_WARN_DIRECT_OBJC_ISA_USAGE = YES_ERROR;
				CLANG_WARN_DOCUMENTATION_COMMENTS = YES;
				CLANG_WARN_EMPTY_BODY = YES;
				CLANG_WARN_ENUM_CONVERSION = YES;
				CLANG_WARN_INFINITE_RECURSION = YES;
				CLANG_WARN_INT_CONVERSION = YES;
				CLANG_WARN_NON_LITERAL_NULL_CONVERSION = YES;
				CLANG_WARN_OBJC_IMPLICIT_RETAIN_SELF = YES;
				CLANG_WARN_OBJC_LITERAL_CONVERSION = YES;
				CLANG_WARN_OBJC_ROOT_CLASS = YES_ERROR;
				CLANG_WARN_RANGE_LOOP_ANALYSIS = YES;
				CLANG_WARN_STRICT_PROTOTYPES = YES;
				CLANG_WARN_SUSPICIOUS_MOVE = YES;
				CLANG_WARN_UNGUARDED_AVAILABILITY = YES_AGGRESSIVE;
				CLANG_WARN_UNREACHABLE_CODE = YES;
				CLANG_WARN__DUPLICATE_METHOD_MATCH = YES;
				CODE_SIGN_IDENTITY = "iPhone Developer";
				COPY_PHASE_STRIP = NO;
				DEBUG_INFORMATION_FORMAT = "dwarf-with-dsym";
				ENABLE_NS_ASSERTIONS = NO;
				ENABLE_STRICT_OBJC_MSGSEND = YES;
				GCC_C_LANGUAGE_STANDARD = gnu11;
				GCC_NO_COMMON_BLOCKS = YES;
				GCC_WARN_64_TO_32_BIT_CONVERSION = YES;
				GCC_WARN_ABOUT_RETURN_TYPE = YES_ERROR;
				GCC_WARN_UNDECLARED_SELECTOR = YES;
				GCC_WARN_UNINITIALIZED_AUTOS = YES_AGGRESSIVE;
				GCC_WARN_UNUSED_FUNCTION = YES;
				GCC_WARN_UNUSED_VARIABLE = YES;
				IPHONEOS_DEPLOYMENT_TARGET = 12.0;
				MTL_ENABLE_DEBUG_INFO = NO;
				MTL_FAST_MATH = YES;
				SDKROOT = iphoneos;
				SWIFT_COMPILATION_MODE = wholemodule;
				SWIFT_OPTIMIZATION_LEVEL = "-O";
				VALIDATE_PRODUCT = YES;
			};
			name = Release;
		};
		D06CD5A621572F9200D0C982 /* Debug */ = {
			isa = XCBuildConfiguration;
			baseConfigurationReference = 268C020143075963CC51C406 /* Pods-restaurant.debug.xcconfig */;
			buildSettings = {
				ASSETCATALOG_COMPILER_APPICON_NAME = AppIcon;
				CODE_SIGN_STYLE = Automatic;
				DEVELOPMENT_TEAM = 3Q2AY77295;
				INFOPLIST_FILE = restaurant/Info.plist;
				IPHONEOS_DEPLOYMENT_TARGET = 10.0;
				LD_RUNPATH_SEARCH_PATHS = (
					"$(inherited)",
					"@executable_path/Frameworks",
				);
				PRODUCT_BUNDLE_IDENTIFIER = jp.co.sparkworks.restaurant;
				PRODUCT_NAME = "$(TARGET_NAME)";
				SWIFT_VERSION = 4.0;
				TARGETED_DEVICE_FAMILY = 1;
			};
			name = Debug;
		};
		D06CD5A721572F9200D0C982 /* Release */ = {
			isa = XCBuildConfiguration;
			baseConfigurationReference = F1AC3716CB83D9E425280DC2 /* Pods-restaurant.release.xcconfig */;
			buildSettings = {
				ASSETCATALOG_COMPILER_APPICON_NAME = AppIcon;
				CODE_SIGN_STYLE = Automatic;
				DEVELOPMENT_TEAM = 3Q2AY77295;
				INFOPLIST_FILE = restaurant/Info.plist;
				IPHONEOS_DEPLOYMENT_TARGET = 10.0;
				LD_RUNPATH_SEARCH_PATHS = (
					"$(inherited)",
					"@executable_path/Frameworks",
				);
				PRODUCT_BUNDLE_IDENTIFIER = jp.co.sparkworks.restaurant;
				PRODUCT_NAME = "$(TARGET_NAME)";
				SWIFT_VERSION = 4.0;
				TARGETED_DEVICE_FAMILY = 1;
			};
			name = Release;
		};
/* End XCBuildConfiguration section */

/* Begin XCConfigurationList section */
		D06CD58B21572F9100D0C982 /* Build configuration list for PBXProject "restaurant" */ = {
			isa = XCConfigurationList;
			buildConfigurations = (
				D06CD5A321572F9200D0C982 /* Debug */,
				D06CD5A421572F9200D0C982 /* Release */,
			);
			defaultConfigurationIsVisible = 0;
			defaultConfigurationName = Release;
		};
		D06CD5A521572F9200D0C982 /* Build configuration list for PBXNativeTarget "restaurant" */ = {
			isa = XCConfigurationList;
			buildConfigurations = (
				D06CD5A621572F9200D0C982 /* Debug */,
				D06CD5A721572F9200D0C982 /* Release */,
			);
			defaultConfigurationIsVisible = 0;
			defaultConfigurationName = Release;
		};
/* End XCConfigurationList section */

/* Begin XCVersionGroup section */
		D06CD59A21572F9100D0C982 /* restaurant.xcdatamodeld */ = {
			isa = XCVersionGroup;
			children = (
				D06CD59B21572F9100D0C982 /* restaurant.xcdatamodel */,
			);
			currentVersion = D06CD59B21572F9100D0C982 /* restaurant.xcdatamodel */;
			path = restaurant.xcdatamodeld;
			sourceTree = "<group>";
			versionGroupType = wrapper.xcdatamodel;
		};
/* End XCVersionGroup section */
	};
	rootObject = D06CD58821572F9100D0C982 /* Project object */;
}
